
Microsoft Visual Studio Solution File, Format Version 12.00
# Visual Studio Version 17
VisualStudioVersion = 17.5.002.0
MinimumVisualStudioVersion = 10.0.40219.1
Project("{9A19103F-16F7-4668-BE54-9A1E7A4F7556}") = "TP7", "TP7.csproj", "{3D99B651-1A97-4795-B343-533A06CC622D}"
EndProject
Global
	GlobalSection(SolutionConfigurationPlatforms) = preSolution
		Debug|Any CPU = Debug|Any CPU
		Release|Any CPU = Release|Any CPU
	EndGlobalSection
	GlobalSection(ProjectConfigurationPlatforms) = postSolution
		{3D99B651-1A97-4795-B343-533A06CC622D}.Debug|Any CPU.ActiveCfg = Debug|Any CPU
		{3D99B651-1A97-4795-B343-533A06CC622D}.Debug|Any CPU.Build.0 = Debug|Any CPU
		{3D99B651-1A97-4795-B343-533A06CC622D}.Release|Any CPU.ActiveCfg = Release|Any CPU
		{3D99B651-1A97-4795-B343-533A06CC622D}.Release|Any CPU.Build.0 = Release|Any CPU
	EndGlobalSection
	GlobalSection(SolutionProperties) = preSolution
		HideSolutionNode = FALSE
	EndGlobalSection
	GlobalSection(ExtensibilityGlobals) = postSolution
		SolutionGuid = {23EA9307-2192-43DE-BD4D-E598A1F37904}
	EndGlobalSection
EndGlobal
